
Microsoft Visual Studio Solution File, Format Version 12.00
# Visual Studio Version 16
VisualStudioVersion = 16.0.31129.286
MinimumVisualStudioVersion = 10.0.40219.1
Project("{2150E333-8FDC-42A3-9474-1A3956D46DE8}") = "Front", "Front", "{E1DFDDD0-52F0-4B04-AF36-B81BAFDD3E85}"
EndProject
Project("{2150E333-8FDC-42A3-9474-1A3956D46DE8}") = "Back", "Back", "{EA8C3C25-2A31-45D0-8A40-EFF06DCC7931}"
EndProject
Project("{FAE04EC0-301F-11D3-BF4B-00C04F79EFBC}") = "Data", "Data\Data.csproj", "{8145D621-5D7F-443D-B1CA-B5B4716E32E7}"
EndProject
Project("{FAE04EC0-301F-11D3-BF4B-00C04F79EFBC}") = "AppSevice", "AppSevice\AppSevice.csproj", "{D91BEA79-61B2-4427-8BE6-759E24447BAB}"
EndProject
Project("{FAE04EC0-301F-11D3-BF4B-00C04F79EFBC}") = "Repository", "Repository\Repository.csproj", "{4DD57773-3EE7-49D2-BB68-E5EBDB5E85E8}"
EndProject
Project("{FAE04EC0-301F-11D3-BF4B-00C04F79EFBC}") = "WebApi", "WebApi\WebApi.csproj", "{AA569B59-F7FC-4554-BD37-C2E2C6DA2141}"
EndProject
Project("{FAE04EC0-301F-11D3-BF4B-00C04F79EFBC}") = "MVS", "MVS\MVS.csproj", "{9C47365B-A089-4A02-91A0-AA039FE96A58}"
EndProject
Global
	GlobalSection(SolutionConfigurationPlatforms) = preSolution
		Debug|Any CPU = Debug|Any CPU
		Release|Any CPU = Release|Any CPU
	EndGlobalSection
	GlobalSection(ProjectConfigurationPlatforms) = postSolution
		{8145D621-5D7F-443D-B1CA-B5B4716E32E7}.Debug|Any CPU.ActiveCfg = Debug|Any CPU
		{8145D621-5D7F-443D-B1CA-B5B4716E32E7}.Debug|Any CPU.Build.0 = Debug|Any CPU
		{8145D621-5D7F-443D-B1CA-B5B4716E32E7}.Release|Any CPU.ActiveCfg = Release|Any CPU
		{8145D621-5D7F-443D-B1CA-B5B4716E32E7}.Release|Any CPU.Build.0 = Release|Any CPU
		{D91BEA79-61B2-4427-8BE6-759E24447BAB}.Debug|Any CPU.ActiveCfg = Debug|Any CPU
		{D91BEA79-61B2-4427-8BE6-759E24447BAB}.Debug|Any CPU.Build.0 = Debug|Any CPU
		{D91BEA79-61B2-4427-8BE6-759E24447BAB}.Release|Any CPU.ActiveCfg = Release|Any CPU
		{D91BEA79-61B2-4427-8BE6-759E24447BAB}.Release|Any CPU.Build.0 = Release|Any CPU
		{4DD57773-3EE7-49D2-BB68-E5EBDB5E85E8}.Debug|Any CPU.ActiveCfg = Debug|Any CPU
		{4DD57773-3EE7-49D2-BB68-E5EBDB5E85E8}.Debug|Any CPU.Build.0 = Debug|Any CPU
		{4DD57773-3EE7-49D2-BB68-E5EBDB5E85E8}.Release|Any CPU.ActiveCfg = Release|Any CPU
		{4DD57773-3EE7-49D2-BB68-E5EBDB5E85E8}.Release|Any CPU.Build.0 = Release|Any CPU
		{AA569B59-F7FC-4554-BD37-C2E2C6DA2141}.Debug|Any CPU.ActiveCfg = Debug|Any CPU
		{AA569B59-F7FC-4554-BD37-C2E2C6DA2141}.Debug|Any CPU.Build.0 = Debug|Any CPU
		{AA569B59-F7FC-4554-BD37-C2E2C6DA2141}.Release|Any CPU.ActiveCfg = Release|Any CPU
		{AA569B59-F7FC-4554-BD37-C2E2C6DA2141}.Release|Any CPU.Build.0 = Release|Any CPU
		{9C47365B-A089-4A02-91A0-AA039FE96A58}.Debug|Any CPU.ActiveCfg = Debug|Any CPU
		{9C47365B-A089-4A02-91A0-AA039FE96A58}.Debug|Any CPU.Build.0 = Debug|Any CPU
		{9C47365B-A089-4A02-91A0-AA039FE96A58}.Release|Any CPU.ActiveCfg = Release|Any CPU
		{9C47365B-A089-4A02-91A0-AA039FE96A58}.Release|Any CPU.Build.0 = Release|Any CPU
	EndGlobalSection
	GlobalSection(SolutionProperties) = preSolution
		HideSolutionNode = FALSE
	EndGlobalSection
	GlobalSection(NestedProjects) = preSolution
		{8145D621-5D7F-443D-B1CA-B5B4716E32E7} = {EA8C3C25-2A31-45D0-8A40-EFF06DCC7931}
		{D91BEA79-61B2-4427-8BE6-759E24447BAB} = {EA8C3C25-2A31-45D0-8A40-EFF06DCC7931}
		{4DD57773-3EE7-49D2-BB68-E5EBDB5E85E8} = {EA8C3C25-2A31-45D0-8A40-EFF06DCC7931}
		{AA569B59-F7FC-4554-BD37-C2E2C6DA2141} = {E1DFDDD0-52F0-4B04-AF36-B81BAFDD3E85}
		{9C47365B-A089-4A02-91A0-AA039FE96A58} = {E1DFDDD0-52F0-4B04-AF36-B81BAFDD3E85}
	EndGlobalSection
	GlobalSection(ExtensibilityGlobals) = postSolution
		SolutionGuid = {58298981-E18C-4A01-97D3-D56C2A6721E4}
	EndGlobalSection
EndGlobal
